<?xml version="1.0" encoding="utf-8"?>
<Project ToolsVersion="4.0" xmlns="http://schemas.microsoft.com/developer/msbuild/2003">
  <ItemGroup>
    <Filter Include="Chara">
      <UniqueIdentifier>{b0587906-1abc-4272-b847-cd516eecc358}</UniqueIdentifier>
    </Filter>
    <Filter Include="IO">
      <UniqueIdentifier>{ede66bb8-2195-4d84-a1ce-5abad040ccb3}</UniqueIdentifier>
    </Filter>
    <Filter Include="Document">
      <UniqueIdentifier>{6ddbf0d2-f935-4cda-a27f-4d14211068d0}</UniqueIdentifier>
    </Filter>
  </ItemGroup>
  <ItemGroup>
    <ClInclude Include="..\include\Chara.h">
      <Filter>Chara</Filter>
    </ClInclude>
    <ClInclude Include="..\include\Command.h">
      <Filter>Chara</Filter>
    </ClInclude>
    <ClInclude Include="..\include\Define.h">
      <Filter>Chara</Filter>
    </ClInclude>
    <ClInclude Include="..\include\Chara_Const.h">
      <Filter>Chara</Filter>
    </ClInclude>
    <ClInclude Include="..\include\Compend.h">
      <Filter>Chara</Filter>
    </ClInclude>
    <ClInclude Include="..\include\Route.h">
      <Filter>Chara</Filter>
    </ClInclude>
    <ClInclude Include="..\include\Sequence.h">
      <Filter>Chara</Filter>
    </ClInclude>
    <ClInclude Include="..\include\Rect.h">
      <Filter>Chara</Filter>
    </ClInclude>
    <ClInclude Include="..\include\ScriptParam_Staging.h">
      <Filter>Chara</Filter>
    </ClInclude>
    <ClInclude Include="..\include\ScriptParam_Battle.h">
      <Filter>Chara</Filter>
    </ClInclude>
    <ClInclude Include="..\include\EffectGenerate.h">
      <Filter>Chara</Filter>
    </ClInclude>
  </ItemGroup>
  <ItemGroup>
    <ClCompile Include="Chara\Chara.cpp">
      <Filter>Chara</Filter>
    </ClCompile>
    <ClCompile Include="Chara\Command.cpp">
      <Filter>Chara</Filter>
    </ClCompile>
  </ItemGroup>
  <ItemGroup>
    <Text Include="Overview.txt">
      <Filter>Document</Filter>
    </Text>
  </ItemGroup>
</Project>